version = 1
requires-python = ">=3.13"

[[package]]
name = "delta-optim"
version = "0.1.0"
source = { editable = "." }
dependencies = [
    { name = "delta-spark" },
    { name = "deltalake" },
    { name = "duckdb" },
    { name = "numpy" },
    { name = "polars" },
    { name = "pyspark" },
    { name = "timeit-decorator" },
    { name = "toolz" },
]

[package.metadata]
requires-dist = [
    { name = "delta-spark", specifier = ">=3.2.1" },
    { name = "deltalake", specifier = ">=0.22.3" },
    { name = "duckdb", specifier = ">=1.1.3" },
    { name = "numpy", specifier = ">=2.1.3" },
    { name = "polars", specifier = ">=1.15.0" },
    { name = "pyspark", specifier = ">=3.5.3" },
    { name = "timeit-decorator", specifier = ">=1.1.1" },
    { name = "toolz", specifier = ">=1.0.0" },
]

[[package]]
name = "delta-spark"
version = "3.2.1"
source = { registry = "https://pypi.org/simple" }
dependencies = [
    { name = "importlib-metadata" },
    { name = "pyspark" },
]
sdist = { url = "https://files.pythonhosted.org/packages/17/6e/a940d14a764fea1dba5e131e041351a99bc26974f73a6ac19b143598bb34/delta_spark-3.2.1.tar.gz", hash = "sha256:05384ebfeee8e779435302a3e0f1e565636270a2404bedc3a2ee1fea7c980626", size = 22125 }
wheels = [
    { url = "https://files.pythonhosted.org/packages/0d/5e/209b8ec57e61e9a9598e68b8d2de6af2853fafbe54c6a41ebc869e15fe12/delta_spark-3.2.1-py3-none-any.whl", hash = "sha256:662ff591acbe190d0d0a07e65cde77f9b81f58da940ae8ca85f620b562165fc3", size = 21170 },
]

[[package]]
name = "deltalake"
version = "0.22.3"
source = { registry = "https://pypi.org/simple" }
dependencies = [
    { name = "pyarrow" },
]
sdist = { url = "https://files.pythonhosted.org/packages/ee/04/cc8e66e583888feb072cb60f891d69fb0fb816a7d91cf4acc1ae047e852d/deltalake-0.22.3.tar.gz", hash = "sha256:5e753a000a4710b0e2a3c3793fd5383599c7a7d4fb86846ed2513e8ca41f2d9a", size = 4902085 }
wheels = [
    { url = "https://files.pythonhosted.org/packages/97/34/eadc901c7e5f22f98ccc8880c0a738b3b27dadf9f832da86cb4069250c65/deltalake-0.22.3-cp39-abi3-macosx_10_12_x86_64.whl", hash = "sha256:996b422432abf978aae1e39fe28a95df12fba6d057e4d1ba64b571f5a3f27576", size = 36935764 },
    { url = "https://files.pythonhosted.org/packages/07/1b/27567ac12cf8f11ebe33063a1c70e35916c6b2c352bba474163f8e7820f0/deltalake-0.22.3-cp39-abi3-macosx_11_0_arm64.whl", hash = "sha256:bedb0cc865bcaaa20be4d7989ea46063e042b443cd0e07b71f4e5b9dfad27457", size = 34702543 },
    { url = "https://files.pythonhosted.org/packages/82/72/d0539a363440277b5d80acef57fde116b5b8426e98d56b02c97205420aa5/deltalake-0.22.3-cp39-abi3-manylinux_2_17_aarch64.manylinux2014_aarch64.whl", hash = "sha256:1a80c51f4b44872a63dea2d6d544db07ec24cf359397c0cd25f71430088229af", size = 40972161 },
    { url = "https://files.pythonhosted.org/packages/7c/09/95abe066d746fb3be6c74dce78f3c847edf8b274062fb73b0b5afdae3d8f/deltalake-0.22.3-cp39-abi3-manylinux_2_17_x86_64.manylinux2014_x86_64.whl", hash = "sha256:636c657ac0a6f439c4f6a180f43f4d521e91ced8a8041cb69001de0e566518b9", size = 42479579 },
    { url = "https://files.pythonhosted.org/packages/f6/c4/10f33c1b6aee253fe88ba4ad02d7ab1532b2de9f91a9df5b1e435e9fabdb/deltalake-0.22.3-cp39-abi3-win_amd64.whl", hash = "sha256:65d9b477ff6e7ae2333da86d268551b3c7ff6654ba65f1c4900670f8ad6fba2b", size = 33800019 },
]

[[package]]
name = "duckdb"
version = "1.1.3"
source = { registry = "https://pypi.org/simple" }
sdist = { url = "https://files.pythonhosted.org/packages/a0/d7/ec014b351b6bb026d5f473b1d0ec6bd6ba40786b9abbf530b4c9041d9895/duckdb-1.1.3.tar.gz", hash = "sha256:68c3a46ab08836fe041d15dcbf838f74a990d551db47cb24ab1c4576fc19351c", size = 12240672 }
wheels = [
    { url = "https://files.pythonhosted.org/packages/81/d1/2462492531d4715b2ede272a26519b37f21cf3f8c85b3eb88da5b7be81d8/duckdb-1.1.3-cp313-cp313-macosx_12_0_arm64.whl", hash = "sha256:0897f83c09356206ce462f62157ce064961a5348e31ccb2a557a7531d814e70e", size = 15483282 },
    { url = "https://files.pythonhosted.org/packages/af/a5/ec595aa223b911a62f24393908a8eaf8e0ed1c7c07eca5008f22aab070bc/duckdb-1.1.3-cp313-cp313-macosx_12_0_universal2.whl", hash = "sha256:cddc6c1a3b91dcc5f32493231b3ba98f51e6d3a44fe02839556db2b928087378", size = 32350342 },
    { url = "https://files.pythonhosted.org/packages/08/27/e35116ab1ada5e54e52424e52d16ee9ae82db129025294e19c1d48a8b2b1/duckdb-1.1.3-cp313-cp313-macosx_12_0_x86_64.whl", hash = "sha256:1d9ab6143e73bcf17d62566e368c23f28aa544feddfd2d8eb50ef21034286f24", size = 16953863 },
    { url = "https://files.pythonhosted.org/packages/0d/ac/f2db3969a56cd96a3ba78b0fd161939322fb134bd07c98ecc7a7015d3efa/duckdb-1.1.3-cp313-cp313-manylinux_2_17_aarch64.manylinux2014_aarch64.whl", hash = "sha256:2f073d15d11a328f2e6d5964a704517e818e930800b7f3fa83adea47f23720d3", size = 18494301 },
    { url = "https://files.pythonhosted.org/packages/cf/66/d0be7c9518b1b92185018bacd851f977a101c9818686f667bbf884abcfbc/duckdb-1.1.3-cp313-cp313-manylinux_2_17_x86_64.manylinux2014_x86_64.whl", hash = "sha256:d5724fd8a49e24d730be34846b814b98ba7c304ca904fbdc98b47fa95c0b0cee", size = 20150992 },
    { url = "https://files.pythonhosted.org/packages/47/ae/c2df66e3716705f48775e692a1b8accbf3dc6e2c27a0ae307fb4b063e115/duckdb-1.1.3-cp313-cp313-manylinux_2_24_aarch64.manylinux_2_28_aarch64.whl", hash = "sha256:51e7dbd968b393343b226ab3f3a7b5a68dee6d3fe59be9d802383bf916775cb8", size = 18297818 },
    { url = "https://files.pythonhosted.org/packages/8e/7e/10310b754b7ec3349c411a0a88ecbf327c49b5714e3d35200e69c13fb093/duckdb-1.1.3-cp313-cp313-musllinux_1_2_x86_64.whl", hash = "sha256:00cca22df96aa3473fe4584f84888e2cf1c516e8c2dd837210daec44eadba586", size = 21635169 },
    { url = "https://files.pythonhosted.org/packages/83/be/46c0b89c9d4e1ba90af9bc184e88672c04d420d41342e4dc359c78d05981/duckdb-1.1.3-cp313-cp313-win_amd64.whl", hash = "sha256:77f26884c7b807c7edd07f95cf0b00e6d47f0de4a534ac1706a58f8bc70d0d31", size = 10955826 },
]

[[package]]
name = "importlib-metadata"
version = "8.5.0"
source = { registry = "https://pypi.org/simple" }
dependencies = [
    { name = "zipp" },
]
sdist = { url = "https://files.pythonhosted.org/packages/cd/12/33e59336dca5be0c398a7482335911a33aa0e20776128f038019f1a95f1b/importlib_metadata-8.5.0.tar.gz", hash = "sha256:71522656f0abace1d072b9e5481a48f07c138e00f079c38c8f883823f9c26bd7", size = 55304 }
wheels = [
    { url = "https://files.pythonhosted.org/packages/a0/d9/a1e041c5e7caa9a05c925f4bdbdfb7f006d1f74996af53467bc394c97be7/importlib_metadata-8.5.0-py3-none-any.whl", hash = "sha256:45e54197d28b7a7f1559e60b95e7c567032b602131fbd588f1497f47880aa68b", size = 26514 },
]

[[package]]
name = "numpy"
version = "2.2.0"
source = { registry = "https://pypi.org/simple" }
sdist = { url = "https://files.pythonhosted.org/packages/47/1b/1d565e0f6e156e1522ab564176b8b29d71e13d8caf003a08768df3d5cec5/numpy-2.2.0.tar.gz", hash = "sha256:140dd80ff8981a583a60980be1a655068f8adebf7a45a06a6858c873fcdcd4a0", size = 20225497 }
wheels = [
    { url = "https://files.pythonhosted.org/packages/bd/4c/0d1eef206545c994289e7a9de21b642880a11e0ed47a2b0c407c688c4f69/numpy-2.2.0-cp313-cp313-macosx_10_13_x86_64.whl", hash = "sha256:f8c8b141ef9699ae777c6278b52c706b653bf15d135d302754f6b2e90eb30367", size = 20895707 },
    { url = "https://files.pythonhosted.org/packages/16/cb/88f6c1e6df83002c421d5f854ccf134aa088aa997af786a5dac3f32ec99b/numpy-2.2.0-cp313-cp313-macosx_11_0_arm64.whl", hash = "sha256:0f0986e917aca18f7a567b812ef7ca9391288e2acb7a4308aa9d265bd724bdae", size = 14110592 },
    { url = "https://files.pythonhosted.org/packages/b4/54/817e6894168a43f33dca74199ba0dd0f1acd99aa6323ed6d323d63d640a2/numpy-2.2.0-cp313-cp313-macosx_14_0_arm64.whl", hash = "sha256:1c92113619f7b272838b8d6702a7f8ebe5edea0df48166c47929611d0b4dea69", size = 5110858 },
    { url = "https://files.pythonhosted.org/packages/c7/99/00d8a1a8eb70425bba7880257ed73fed08d3e8d05da4202fb6b9a81d5ee4/numpy-2.2.0-cp313-cp313-macosx_14_0_x86_64.whl", hash = "sha256:5a145e956b374e72ad1dff82779177d4a3c62bc8248f41b80cb5122e68f22d13", size = 6645143 },
    { url = "https://files.pythonhosted.org/packages/34/86/5b9c2b7c56e7a9d9297a0a4be0b8433f498eba52a8f5892d9132b0f64627/numpy-2.2.0-cp313-cp313-manylinux_2_17_aarch64.manylinux2014_aarch64.whl", hash = "sha256:18142b497d70a34b01642b9feabb70156311b326fdddd875a9981f34a369b671", size = 14042812 },
    { url = "https://files.pythonhosted.org/packages/df/54/13535f74391dbe5f479ceed96f1403267be302c840040700d4fd66688089/numpy-2.2.0-cp313-cp313-manylinux_2_17_x86_64.manylinux2014_x86_64.whl", hash = "sha256:a7d41d1612c1a82b64697e894b75db6758d4f21c3ec069d841e60ebe54b5b571", size = 16093419 },
    { url = "https://files.pythonhosted.org/packages/dd/37/dfb2056842ac61315f225aa56f455da369f5223e4c5a38b91d20da1b628b/numpy-2.2.0-cp313-cp313-musllinux_1_2_aarch64.whl", hash = "sha256:a98f6f20465e7618c83252c02041517bd2f7ea29be5378f09667a8f654a5918d", size = 15238969 },
    { url = "https://files.pythonhosted.org/packages/5a/3d/d20d24ee313992f0b7e7b9d9eef642d9b545d39d5b91c4a2cc8c98776328/numpy-2.2.0-cp313-cp313-musllinux_1_2_x86_64.whl", hash = "sha256:e09d40edfdb4e260cb1567d8ae770ccf3b8b7e9f0d9b5c2a9992696b30ce2742", size = 17855705 },
    { url = "https://files.pythonhosted.org/packages/5b/40/944c9ee264f875a2db6f79380944fd2b5bb9d712bb4a134d11f45ad5b693/numpy-2.2.0-cp313-cp313-win32.whl", hash = "sha256:3905a5fffcc23e597ee4d9fb3fcd209bd658c352657548db7316e810ca80458e", size = 6270078 },
    { url = "https://files.pythonhosted.org/packages/30/04/e1ee6f8b22034302d4c5c24e15782bdedf76d90b90f3874ed0b48525def0/numpy-2.2.0-cp313-cp313-win_amd64.whl", hash = "sha256:a184288538e6ad699cbe6b24859206e38ce5fba28f3bcfa51c90d0502c1582b2", size = 12605791 },
    { url = "https://files.pythonhosted.org/packages/ef/fb/51d458625cd6134d60ac15180ae50995d7d21b0f2f92a6286ae7b0792d19/numpy-2.2.0-cp313-cp313t-macosx_10_13_x86_64.whl", hash = "sha256:7832f9e8eb00be32f15fdfb9a981d6955ea9adc8574c521d48710171b6c55e95", size = 20920160 },
    { url = "https://files.pythonhosted.org/packages/b4/34/162ae0c5d2536ea4be98c813b5161c980f0443cd5765fde16ddfe3450140/numpy-2.2.0-cp313-cp313t-macosx_11_0_arm64.whl", hash = "sha256:f0dd071b95bbca244f4cb7f70b77d2ff3aaaba7fa16dc41f58d14854a6204e6c", size = 14119064 },
    { url = "https://files.pythonhosted.org/packages/17/6c/4195dd0e1c41c55f466d516e17e9e28510f32af76d23061ea3da67438e3c/numpy-2.2.0-cp313-cp313t-macosx_14_0_arm64.whl", hash = "sha256:b0b227dcff8cdc3efbce66d4e50891f04d0a387cce282fe1e66199146a6a8fca", size = 5152778 },
    { url = "https://files.pythonhosted.org/packages/2f/47/ea804ae525832c8d05ed85b560dfd242d34e4bb0962bc269ccaa720fb934/numpy-2.2.0-cp313-cp313t-macosx_14_0_x86_64.whl", hash = "sha256:6ab153263a7c5ccaf6dfe7e53447b74f77789f28ecb278c3b5d49db7ece10d6d", size = 6667605 },
    { url = "https://files.pythonhosted.org/packages/76/99/34d20e50b3d894bb16b5374bfbee399ab8ff3a33bf1e1f0b8acfe7bbd70d/numpy-2.2.0-cp313-cp313t-manylinux_2_17_aarch64.manylinux2014_aarch64.whl", hash = "sha256:e500aba968a48e9019e42c0c199b7ec0696a97fa69037bea163b55398e390529", size = 14013275 },
    { url = "https://files.pythonhosted.org/packages/69/8f/a1df7bd02d434ab82539517d1b98028985700cfc4300bc5496fb140ca648/numpy-2.2.0-cp313-cp313t-manylinux_2_17_x86_64.manylinux2014_x86_64.whl", hash = "sha256:440cfb3db4c5029775803794f8638fbdbf71ec702caf32735f53b008e1eaece3", size = 16074900 },
    { url = "https://files.pythonhosted.org/packages/04/94/b419e7a76bf21a00fcb03c613583f10e389fdc8dfe420412ff5710c8ad3d/numpy-2.2.0-cp313-cp313t-musllinux_1_2_aarch64.whl", hash = "sha256:a55dc7a7f0b6198b07ec0cd445fbb98b05234e8b00c5ac4874a63372ba98d4ab", size = 15219122 },
    { url = "https://files.pythonhosted.org/packages/65/d9/dddf398b2b6c5d750892a207a469c2854a8db0f033edaf72103af8cf05aa/numpy-2.2.0-cp313-cp313t-musllinux_1_2_x86_64.whl", hash = "sha256:4bddbaa30d78c86329b26bd6aaaea06b1e47444da99eddac7bf1e2fab717bd72", size = 17851668 },
    { url = "https://files.pythonhosted.org/packages/d4/dc/09a4e5819a9782a213c0eb4eecacdc1cd75ad8dac99279b04cfccb7eeb0a/numpy-2.2.0-cp313-cp313t-win32.whl", hash = "sha256:30bf971c12e4365153afb31fc73f441d4da157153f3400b82db32d04de1e4066", size = 6325288 },
    { url = "https://files.pythonhosted.org/packages/ce/e1/e0d06ec34036c92b43aef206efe99a5f5f04e12c776eab82a36e00c40afc/numpy-2.2.0-cp313-cp313t-win_amd64.whl", hash = "sha256:d35717333b39d1b6bb8433fa758a55f1081543de527171543a2b710551d40881", size = 12692303 },
]

[[package]]
name = "polars"
version = "1.17.1"
source = { registry = "https://pypi.org/simple" }
sdist = { url = "https://files.pythonhosted.org/packages/32/3b/40b42c6b0e54b001fbaaa55d3d769283e0d54541be783783e08da6a9c54a/polars-1.17.1.tar.gz", hash = "sha256:5a3dac3cb7cbe174d1fa898cba9afbede0c08e8728feeeab515554d762127019", size = 4220337 }
wheels = [
    { url = "https://files.pythonhosted.org/packages/5b/24/a7d97fb8988a3ccf9e285311fe9b04e8cec95657fc2b9f9a8ebedbcdd06f/polars-1.17.1-cp39-abi3-macosx_10_12_x86_64.whl", hash = "sha256:d3a2172f7cf332010f0b034345111e9c86d59b5a5b0fc5aa0509121f40d9e43c", size = 32993574 },
    { url = "https://files.pythonhosted.org/packages/84/4f/b892993474850e85ac05ffa6d0f312c207dcbb1e4a55dc6383f826d5a87d/polars-1.17.1-cp39-abi3-macosx_11_0_arm64.whl", hash = "sha256:82e98c69197df0d8ddc341a6175008508ceaea88f723f32044027810bcdb43fa", size = 28773084 },
    { url = "https://files.pythonhosted.org/packages/29/08/54fe197c9d5f951cf85944ff9cfe0a706dc9d2230e98814a125eda8a1d09/polars-1.17.1-cp39-abi3-manylinux_2_17_x86_64.manylinux2014_x86_64.whl", hash = "sha256:59abdab015ed2ecfa0c63862b960816c35096e1f4df057dde3c44cd973af5029", size = 36360758 },
    { url = "https://files.pythonhosted.org/packages/9b/0c/f5a100da6184f11838520a423a5830dabe194a0812c9fdbef419f2276a92/polars-1.17.1-cp39-abi3-manylinux_2_24_aarch64.whl", hash = "sha256:6d2f922c403b8900b3ae3c23a27b2cae3a2db40ad790cc4fc368402b92629b11", size = 32685903 },
    { url = "https://files.pythonhosted.org/packages/4b/59/cf2e88bebdffb7efb7e4f65f4ec9e293040c313d37e3628db87e4f64dca4/polars-1.17.1-cp39-abi3-win_amd64.whl", hash = "sha256:d38156c8259554cbcb17874d91e6dfa9c404335f08a3307496aadfdee46baa31", size = 35931768 },
]

[[package]]
name = "py4j"
version = "0.10.9.7"
source = { registry = "https://pypi.org/simple" }
sdist = { url = "https://files.pythonhosted.org/packages/1e/f2/b34255180c72c36ff7097f7c2cdca02abcbd89f5eebf7c7c41262a9a0637/py4j-0.10.9.7.tar.gz", hash = "sha256:0b6e5315bb3ada5cf62ac651d107bb2ebc02def3dee9d9548e3baac644ea8dbb", size = 1508234 }
wheels = [
    { url = "https://files.pythonhosted.org/packages/10/30/a58b32568f1623aaad7db22aa9eafc4c6c194b429ff35bdc55ca2726da47/py4j-0.10.9.7-py2.py3-none-any.whl", hash = "sha256:85defdfd2b2376eb3abf5ca6474b51ab7e0de341c75a02f46dc9b5976f5a5c1b", size = 200481 },
]

[[package]]
name = "pyarrow"
version = "18.1.0"
source = { registry = "https://pypi.org/simple" }
sdist = { url = "https://files.pythonhosted.org/packages/7f/7b/640785a9062bb00314caa8a387abce547d2a420cf09bd6c715fe659ccffb/pyarrow-18.1.0.tar.gz", hash = "sha256:9386d3ca9c145b5539a1cfc75df07757dff870168c959b473a0bccbc3abc8c73", size = 1118671 }
wheels = [
    { url = "https://files.pythonhosted.org/packages/cb/87/aa4d249732edef6ad88899399047d7e49311a55749d3c373007d034ee471/pyarrow-18.1.0-cp313-cp313-macosx_12_0_arm64.whl", hash = "sha256:84e314d22231357d473eabec709d0ba285fa706a72377f9cc8e1cb3c8013813b", size = 29497406 },
    { url = "https://files.pythonhosted.org/packages/3c/c7/ed6adb46d93a3177540e228b5ca30d99fc8ea3b13bdb88b6f8b6467e2cb7/pyarrow-18.1.0-cp313-cp313-macosx_12_0_x86_64.whl", hash = "sha256:f591704ac05dfd0477bb8f8e0bd4b5dc52c1cadf50503858dce3a15db6e46ff2", size = 30835095 },
    { url = "https://files.pythonhosted.org/packages/41/d7/ed85001edfb96200ff606943cff71d64f91926ab42828676c0fc0db98963/pyarrow-18.1.0-cp313-cp313-manylinux_2_17_aarch64.manylinux2014_aarch64.whl", hash = "sha256:acb7564204d3c40babf93a05624fc6a8ec1ab1def295c363afc40b0c9e66c191", size = 39194527 },
    { url = "https://files.pythonhosted.org/packages/59/16/35e28eab126342fa391593415d79477e89582de411bb95232f28b131a769/pyarrow-18.1.0-cp313-cp313-manylinux_2_17_x86_64.manylinux2014_x86_64.whl", hash = "sha256:74de649d1d2ccb778f7c3afff6085bd5092aed4c23df9feeb45dd6b16f3811aa", size = 40131443 },
    { url = "https://files.pythonhosted.org/packages/0c/95/e855880614c8da20f4cd74fa85d7268c725cf0013dc754048593a38896a0/pyarrow-18.1.0-cp313-cp313-manylinux_2_28_aarch64.whl", hash = "sha256:f96bd502cb11abb08efea6dab09c003305161cb6c9eafd432e35e76e7fa9b90c", size = 38608750 },
    { url = "https://files.pythonhosted.org/packages/54/9d/f253554b1457d4fdb3831b7bd5f8f00f1795585a606eabf6fec0a58a9c38/pyarrow-18.1.0-cp313-cp313-manylinux_2_28_x86_64.whl", hash = "sha256:36ac22d7782554754a3b50201b607d553a8d71b78cdf03b33c1125be4b52397c", size = 40066690 },
    { url = "https://files.pythonhosted.org/packages/2f/58/8912a2563e6b8273e8aa7b605a345bba5a06204549826f6493065575ebc0/pyarrow-18.1.0-cp313-cp313-win_amd64.whl", hash = "sha256:25dbacab8c5952df0ca6ca0af28f50d45bd31c1ff6fcf79e2d120b4a65ee7181", size = 25081054 },
    { url = "https://files.pythonhosted.org/packages/82/f9/d06ddc06cab1ada0c2f2fd205ac8c25c2701182de1b9c4bf7a0a44844431/pyarrow-18.1.0-cp313-cp313t-macosx_12_0_arm64.whl", hash = "sha256:6a276190309aba7bc9d5bd2933230458b3521a4317acfefe69a354f2fe59f2bc", size = 29525542 },
    { url = "https://files.pythonhosted.org/packages/ab/94/8917e3b961810587ecbdaa417f8ebac0abb25105ae667b7aa11c05876976/pyarrow-18.1.0-cp313-cp313t-macosx_12_0_x86_64.whl", hash = "sha256:ad514dbfcffe30124ce655d72771ae070f30bf850b48bc4d9d3b25993ee0e386", size = 30829412 },
    { url = "https://files.pythonhosted.org/packages/5e/e3/3b16c3190f3d71d3b10f6758d2d5f7779ef008c4fd367cedab3ed178a9f7/pyarrow-18.1.0-cp313-cp313t-manylinux_2_17_aarch64.manylinux2014_aarch64.whl", hash = "sha256:aebc13a11ed3032d8dd6e7171eb6e86d40d67a5639d96c35142bd568b9299324", size = 39119106 },
    { url = "https://files.pythonhosted.org/packages/1d/d6/5d704b0d25c3c79532f8c0639f253ec2803b897100f64bcb3f53ced236e5/pyarrow-18.1.0-cp313-cp313t-manylinux_2_17_x86_64.manylinux2014_x86_64.whl", hash = "sha256:d6cf5c05f3cee251d80e98726b5c7cc9f21bab9e9783673bac58e6dfab57ecc8", size = 40090940 },
    { url = "https://files.pythonhosted.org/packages/37/29/366bc7e588220d74ec00e497ac6710c2833c9176f0372fe0286929b2d64c/pyarrow-18.1.0-cp313-cp313t-manylinux_2_28_aarch64.whl", hash = "sha256:11b676cd410cf162d3f6a70b43fb9e1e40affbc542a1e9ed3681895f2962d3d9", size = 38548177 },
    { url = "https://files.pythonhosted.org/packages/c8/11/fabf6ecabb1fe5b7d96889228ca2a9158c4c3bb732e3b8ee3f7f6d40b703/pyarrow-18.1.0-cp313-cp313t-manylinux_2_28_x86_64.whl", hash = "sha256:b76130d835261b38f14fc41fdfb39ad8d672afb84c447126b84d5472244cfaba", size = 40043567 },
]

[[package]]
name = "pyspark"
version = "3.5.3"
source = { registry = "https://pypi.org/simple" }
dependencies = [
    { name = "py4j" },
]
sdist = { url = "https://files.pythonhosted.org/packages/9a/90/cb80c8cf194958ab9a3242851c62fa5aef1a0b42f2d9642f1e2eca098005/pyspark-3.5.3.tar.gz", hash = "sha256:68b7cc0c0c570a7d8644f49f40d2da8709b01d30c9126cc8cf93b4f84f3d9747", size = 317304325 }

[[package]]
name = "tabulate"
version = "0.9.0"
source = { registry = "https://pypi.org/simple" }
sdist = { url = "https://files.pythonhosted.org/packages/ec/fe/802052aecb21e3797b8f7902564ab6ea0d60ff8ca23952079064155d1ae1/tabulate-0.9.0.tar.gz", hash = "sha256:0095b12bf5966de529c0feb1fa08671671b3368eec77d7ef7ab114be2c068b3c", size = 81090 }
wheels = [
    { url = "https://files.pythonhosted.org/packages/40/44/4a5f08c96eb108af5cb50b41f76142f0afa346dfa99d5296fe7202a11854/tabulate-0.9.0-py3-none-any.whl", hash = "sha256:024ca478df22e9340661486f85298cff5f6dcdba14f3813e8830015b9ed1948f", size = 35252 },
]

[[package]]
name = "timeit-decorator"
version = "1.1.1"
source = { registry = "https://pypi.org/simple" }
dependencies = [
    { name = "tabulate" },
]
sdist = { url = "https://files.pythonhosted.org/packages/f3/8b/3aaa27ed8e1c816cf760b8d9423282ead50f910edf5d039307eb73df44af/timeit_decorator-1.1.1.tar.gz", hash = "sha256:8591a5b2a8119702a66b5e2e95e947abe78d1b983534b839e3635c177f91ea84", size = 10605 }
wheels = [
    { url = "https://files.pythonhosted.org/packages/ef/e8/79afbc8c5acdb7b3422edee53456f319a3cb946181ad1ec1eed619f230d4/timeit_decorator-1.1.1-py3-none-any.whl", hash = "sha256:fa9836ccf40f1b068d32d35b0c06a9561c1926ca4cc580c6593e0d9873fd7fba", size = 7420 },
]

[[package]]
name = "toolz"
version = "1.0.0"
source = { registry = "https://pypi.org/simple" }
sdist = { url = "https://files.pythonhosted.org/packages/8a/0b/d80dfa675bf592f636d1ea0b835eab4ec8df6e9415d8cfd766df54456123/toolz-1.0.0.tar.gz", hash = "sha256:2c86e3d9a04798ac556793bced838816296a2f085017664e4995cb40a1047a02", size = 66790 }
wheels = [
    { url = "https://files.pythonhosted.org/packages/03/98/eb27cc78ad3af8e302c9d8ff4977f5026676e130d28dd7578132a457170c/toolz-1.0.0-py3-none-any.whl", hash = "sha256:292c8f1c4e7516bf9086f8850935c799a874039c8bcf959d47b600e4c44a6236", size = 56383 },
]

[[package]]
name = "zipp"
version = "3.21.0"
source = { registry = "https://pypi.org/simple" }
sdist = { url = "https://files.pythonhosted.org/packages/3f/50/bad581df71744867e9468ebd0bcd6505de3b275e06f202c2cb016e3ff56f/zipp-3.21.0.tar.gz", hash = "sha256:2c9958f6430a2040341a52eb608ed6dd93ef4392e02ffe219417c1b28b5dd1f4", size = 24545 }
wheels = [
    { url = "https://files.pythonhosted.org/packages/b7/1a/7e4798e9339adc931158c9d69ecc34f5e6791489d469f5e50ec15e35f458/zipp-3.21.0-py3-none-any.whl", hash = "sha256:ac1bbe05fd2991f160ebce24ffbac5f6d11d83dc90891255885223d42b3cd931", size = 9630 },
]
